
Microsoft Visual Studio Solution File, Format Version 12.00
# Visual Studio Version 17
VisualStudioVersion = 17.1.32228.430
MinimumVisualStudioVersion = 10.0.40219.1
Project("{9A19103F-16F7-4668-BE54-9A1E7A4F7556}") = "02UnderstandingType", "02UnderstandingType\02UnderstandingType.csproj", "{01EEC21B-FE8D-48B7-A580-6B21A71B2D6F}"
EndProject
Project("{9A19103F-16F7-4668-BE54-9A1E7A4F7556}") = "Exercise 03", "Exercise 03\Exercise 03.csproj", "{881648B2-2BFB-4E1A-8EB0-3E96898FF3DA}"
EndProject
Project("{9A19103F-16F7-4668-BE54-9A1E7A4F7556}") = "02ArraysAndString", "Assignment 2\02ArraysAndString.csproj", "{0FB9D4B3-6E3A-41F5-95E5-06ADB828FEB2}"
EndProject
Project("{FAE04EC0-301F-11D3-BF4B-00C04F79EFBC}") = "01UnderstandingType", "01UnderstandingType\01UnderstandingType.csproj", "{FB75E5C3-2444-4873-AF40-333A9E5339D6}"
EndProject
Global
	GlobalSection(SolutionConfigurationPlatforms) = preSolution
		Debug|Any CPU = Debug|Any CPU
		Release|Any CPU = Release|Any CPU
	EndGlobalSection
	GlobalSection(ProjectConfigurationPlatforms) = postSolution
		{01EEC21B-FE8D-48B7-A580-6B21A71B2D6F}.Debug|Any CPU.ActiveCfg = Debug|Any CPU
		{01EEC21B-FE8D-48B7-A580-6B21A71B2D6F}.Debug|Any CPU.Build.0 = Debug|Any CPU
		{01EEC21B-FE8D-48B7-A580-6B21A71B2D6F}.Release|Any CPU.ActiveCfg = Release|Any CPU
		{01EEC21B-FE8D-48B7-A580-6B21A71B2D6F}.Release|Any CPU.Build.0 = Release|Any CPU
		{881648B2-2BFB-4E1A-8EB0-3E96898FF3DA}.Debug|Any CPU.ActiveCfg = Debug|Any CPU
		{881648B2-2BFB-4E1A-8EB0-3E96898FF3DA}.Debug|Any CPU.Build.0 = Debug|Any CPU
		{881648B2-2BFB-4E1A-8EB0-3E96898FF3DA}.Release|Any CPU.ActiveCfg = Release|Any CPU
		{881648B2-2BFB-4E1A-8EB0-3E96898FF3DA}.Release|Any CPU.Build.0 = Release|Any CPU
		{0FB9D4B3-6E3A-41F5-95E5-06ADB828FEB2}.Debug|Any CPU.ActiveCfg = Debug|Any CPU
		{0FB9D4B3-6E3A-41F5-95E5-06ADB828FEB2}.Debug|Any CPU.Build.0 = Debug|Any CPU
		{0FB9D4B3-6E3A-41F5-95E5-06ADB828FEB2}.Release|Any CPU.ActiveCfg = Release|Any CPU
		{0FB9D4B3-6E3A-41F5-95E5-06ADB828FEB2}.Release|Any CPU.Build.0 = Release|Any CPU
		{FB75E5C3-2444-4873-AF40-333A9E5339D6}.Debug|Any CPU.ActiveCfg = Debug|Any CPU
		{FB75E5C3-2444-4873-AF40-333A9E5339D6}.Debug|Any CPU.Build.0 = Debug|Any CPU
		{FB75E5C3-2444-4873-AF40-333A9E5339D6}.Release|Any CPU.ActiveCfg = Release|Any CPU
		{FB75E5C3-2444-4873-AF40-333A9E5339D6}.Release|Any CPU.Build.0 = Release|Any CPU
	EndGlobalSection
	GlobalSection(SolutionProperties) = preSolution
		HideSolutionNode = FALSE
	EndGlobalSection
	GlobalSection(ExtensibilityGlobals) = postSolution
		SolutionGuid = {5CB1FFF0-7221-4F48-A91E-D12AEB4C41AF}
	EndGlobalSection
EndGlobal
