
Microsoft Visual Studio Solution File, Format Version 12.00
# Visual Studio Version 17
VisualStudioVersion = 17.1.32228.430
MinimumVisualStudioVersion = 10.0.40219.1
Project("{FAE04EC0-301F-11D3-BF4B-00C04F79EFBC}") = "Assignment4", "Assignment4\Assignment4.csproj", "{E2E049C5-4444-4569-9DB9-561A5F54AFC0}"
EndProject
Global
	GlobalSection(SolutionConfigurationPlatforms) = preSolution
		Debug|Any CPU = Debug|Any CPU
		Release|Any CPU = Release|Any CPU
	EndGlobalSection
	GlobalSection(ProjectConfigurationPlatforms) = postSolution
		{E2E049C5-4444-4569-9DB9-561A5F54AFC0}.Debug|Any CPU.ActiveCfg = Debug|Any CPU
		{E2E049C5-4444-4569-9DB9-561A5F54AFC0}.Debug|Any CPU.Build.0 = Debug|Any CPU
		{E2E049C5-4444-4569-9DB9-561A5F54AFC0}.Release|Any CPU.ActiveCfg = Release|Any CPU
		{E2E049C5-4444-4569-9DB9-561A5F54AFC0}.Release|Any CPU.Build.0 = Release|Any CPU
	EndGlobalSection
	GlobalSection(SolutionProperties) = preSolution
		HideSolutionNode = FALSE
	EndGlobalSection
	GlobalSection(ExtensibilityGlobals) = postSolution
		SolutionGuid = {98BE65B4-EE9B-4B92-8177-64B5833F6406}
	EndGlobalSection
EndGlobal
